// !$*UTF8*$!
{
	archiveVersion = 1;
	classes = {
	};
	objectVersion = 50;
	objects = {

/* Begin PBXBuildFile section */
		A62CBF7021800DD20027A8A6 /* AppDelegate.swift in Sources */ = {isa = PBXBuildFile; fileRef = A62CBF6F21800DD20027A8A6 /* AppDelegate.swift */; };
		A62CBF7521800DD20027A8A6 /* Main.storyboard in Resources */ = {isa = PBXBuildFile; fileRef = A62CBF7321800DD20027A8A6 /* Main.storyboard */; };
		A62CBF7721800DD30027A8A6 /* Assets.xcassets in Resources */ = {isa = PBXBuildFile; fileRef = A62CBF7621800DD30027A8A6 /* Assets.xcassets */; };
		A62CBF7A21800DD30027A8A6 /* LaunchScreen.storyboard in Resources */ = {isa = PBXBuildFile; fileRef = A62CBF7821800DD30027A8A6 /* LaunchScreen.storyboard */; };
		A62CBF8521800DD30027A8A6 /* CanvasTests.swift in Sources */ = {isa = PBXBuildFile; fileRef = A62CBF8421800DD30027A8A6 /* CanvasTests.swift */; };
		A62CBF9021800DD30027A8A6 /* CanvasUITests.swift in Sources */ = {isa = PBXBuildFile; fileRef = A62CBF8F21800DD30027A8A6 /* CanvasUITests.swift */; };
		A62CBF9E21800DE20027A8A6 /* CanvasViewController.swift in Sources */ = {isa = PBXBuildFile; fileRef = A62CBF9D21800DE20027A8A6 /* CanvasViewController.swift */; };
/* End PBXBuildFile section */

/* Begin PBXContainerItemProxy section */
		A62CBF8121800DD30027A8A6 /* PBXContainerItemProxy */ = {
			isa = PBXContainerItemProxy;
			containerPortal = A62CBF6421800DD20027A8A6 /* Project object */;
			proxyType = 1;
			remoteGlobalIDString = A62CBF6B21800DD20027A8A6;
			remoteInfo = Canvas;
		};
		A62CBF8C21800DD30027A8A6 /* PBXContainerItemProxy */ = {
			isa = PBXContainerItemProxy;
			containerPortal = A62CBF6421800DD20027A8A6 /* Project object */;
			proxyType = 1;
			remoteGlobalIDString = A62CBF6B21800DD20027A8A6;
			remoteInfo = Canvas;
		};
/* End PBXContainerItemProxy section */

/* Begin PBXFileReference section */
		A62CBF6C21800DD20027A8A6 /* Canvas.app */ = {isa = PBXFileReference; explicitFileType = wrapper.application; includeInIndex = 0; path = Canvas.app; sourceTree = BUILT_PRODUCTS_DIR; };
		A62CBF6F21800DD20027A8A6 /* AppDelegate.swift */ = {isa = PBXFileReference; lastKnownFileType = sourcecode.swift; path = AppDelegate.swift; sourceTree = "<group>"; };
		A62CBF7421800DD20027A8A6 /* Base */ = {isa = PBXFileReference; lastKnownFileType = file.storyboard; name = Base; path = Base.lproj/Main.storyboard; sourceTree = "<group>"; };
		A62CBF7621800DD30027A8A6 /* Assets.xcassets */ = {isa = PBXFileReference; lastKnownFileType = folder.assetcatalog; path = Assets.xcassets; sourceTree = "<group>"; };
		A62CBF7921800DD30027A8A6 /* Base */ = {isa = PBXFileReference; lastKnownFileType = file.storyboard; name = Base; path = Base.lproj/LaunchScreen.storyboard; sourceTree = "<group>"; };
		A62CBF7B21800DD30027A8A6 /* Info.plist */ = {isa = PBXFileReference; lastKnownFileType = text.plist.xml; path = Info.plist; sourceTree = "<group>"; };
		A62CBF8021800DD30027A8A6 /* CanvasTests.xctest */ = {isa = PBXFileReference; explicitFileType = wrapper.cfbundle; includeInIndex = 0; path = CanvasTests.xctest; sourceTree = BUILT_PRODUCTS_DIR; };
		A62CBF8421800DD30027A8A6 /* CanvasTests.swift */ = {isa = PBXFileReference; lastKnownFileType = sourcecode.swift; path = CanvasTests.swift; sourceTree = "<group>"; };
		A62CBF8621800DD30027A8A6 /* Info.plist */ = {isa = PBXFileReference; lastKnownFileType = text.plist.xml; path = Info.plist; sourceTree = "<group>"; };
		A62CBF8B21800DD30027A8A6 /* CanvasUITests.xctest */ = {isa = PBXFileReference; explicitFileType = wrapper.cfbundle; includeInIndex = 0; path = CanvasUITests.xctest; sourceTree = BUILT_PRODUCTS_DIR; };
		A62CBF8F21800DD30027A8A6 /* CanvasUITests.swift */ = {isa = PBXFileReference; lastKnownFileType = sourcecode.swift; path = CanvasUITests.swift; sourceTree = "<group>"; };
		A62CBF9121800DD30027A8A6 /* Info.plist */ = {isa = PBXFileReference; lastKnownFileType = text.plist.xml; path = Info.plist; sourceTree = "<group>"; };
		A62CBF9D21800DE20027A8A6 /* CanvasViewController.swift */ = {isa = PBXFileReference; lastKnownFileType = sourcecode.swift; path = CanvasViewController.swift; sourceTree = "<group>"; };
/* End PBXFileReference section */

/* Begin PBXFrameworksBuildPhase section */
		A62CBF6921800DD20027A8A6 /* Frameworks */ = {
			isa = PBXFrameworksBuildPhase;
			buildActionMask = 2147483647;
			files = (
			);
			runOnlyForDeploymentPostprocessing = 0;
		};
		A62CBF7D21800DD30027A8A6 /* Frameworks */ = {
			isa = PBXFrameworksBuildPhase;
			buildActionMask = 2147483647;
			files = (
			);
			runOnlyForDeploymentPostprocessing = 0;
		};
		A62CBF8821800DD30027A8A6 /* Frameworks */ = {
			isa = PBXFrameworksBuildPhase;
			buildActionMask = 2147483647;
			files = (
			);
			runOnlyForDeploymentPostprocessing = 0;
		};
/* End PBXFrameworksBuildPhase section */

/* Begin PBXGroup section */
		A62CBF6321800DD20027A8A6 = {
			isa = PBXGroup;
			children = (
				A62CBF6E21800DD20027A8A6 /* Canvas */,
				A62CBF8321800DD30027A8A6 /* CanvasTests */,
				A62CBF8E21800DD30027A8A6 /* CanvasUITests */,
				A62CBF6D21800DD20027A8A6 /* Products */,
			);
			sourceTree = "<group>";
		};
		A62CBF6D21800DD20027A8A6 /* Products */ = {
			isa = PBXGroup;
			children = (
				A62CBF6C21800DD20027A8A6 /* Canvas.app */,
				A62CBF8021800DD30027A8A6 /* CanvasTests.xctest */,
				A62CBF8B21800DD30027A8A6 /* CanvasUITests.xctest */,
			);
			name = Products;
			sourceTree = "<group>";
		};
		A62CBF6E21800DD20027A8A6 /* Canvas */ = {
			isa = PBXGroup;
			children = (
				A62CBF9D21800DE20027A8A6 /* CanvasViewController.swift */,
				A62CBF6F21800DD20027A8A6 /* AppDelegate.swift */,
				A62CBF7321800DD20027A8A6 /* Main.storyboard */,
				A62CBF7621800DD30027A8A6 /* Assets.xcassets */,
				A62CBF7821800DD30027A8A6 /* LaunchScreen.storyboard */,
				A62CBF7B21800DD30027A8A6 /* Info.plist */,
			);
			path = Canvas;
			sourceTree = "<group>";
		};
		A62CBF8321800DD30027A8A6 /* CanvasTests */ = {
			isa = PBXGroup;
			children = (
				A62CBF8421800DD30027A8A6 /* CanvasTests.swift */,
				A62CBF8621800DD30027A8A6 /* Info.plist */,
			);
			path = CanvasTests;
			sourceTree = "<group>";
		};
		A62CBF8E21800DD30027A8A6 /* CanvasUITests */ = {
			isa = PBXGroup;
			children = (
				A62CBF8F21800DD30027A8A6 /* CanvasUITests.swift */,
				A62CBF9121800DD30027A8A6 /* Info.plist */,
			);
			path = CanvasUITests;
			sourceTree = "<group>";
		};
/* End PBXGroup section */

/* Begin PBXNativeTarget section */
		A62CBF6B21800DD20027A8A6 /* Canvas */ = {
			isa = PBXNativeTarget;
			buildConfigurationList = A62CBF9421800DD30027A8A6 /* Build configuration list for PBXNativeTarget "Canvas" */;
			buildPhases = (
				A62CBF6821800DD20027A8A6 /* Sources */,
				A62CBF6921800DD20027A8A6 /* Frameworks */,
				A62CBF6A21800DD20027A8A6 /* Resources */,
			);
			buildRules = (
			);
			dependencies = (
			);
			name = Canvas;
			productName = Canvas;
			productReference = A62CBF6C21800DD20027A8A6 /* Canvas.app */;
			productType = "com.apple.product-type.application";
		};
		A62CBF7F21800DD30027A8A6 /* CanvasTests */ = {
			isa = PBXNativeTarget;
			buildConfigurationList = A62CBF9721800DD30027A8A6 /* Build configuration list for PBXNativeTarget "CanvasTests" */;
			buildPhases = (
				A62CBF7C21800DD30027A8A6 /* Sources */,
				A62CBF7D21800DD30027A8A6 /* Frameworks */,
				A62CBF7E21800DD30027A8A6 /* Resources */,
			);
			buildRules = (
			);
			dependencies = (
				A62CBF8221800DD30027A8A6 /* PBXTargetDependency */,
			);
			name = CanvasTests;
			productName = CanvasTests;
			productReference = A62CBF8021800DD30027A8A6 /* CanvasTests.xctest */;
			productType = "com.apple.product-type.bundle.unit-test";
		};
		A62CBF8A21800DD30027A8A6 /* CanvasUITests */ = {
			isa = PBXNativeTarget;
			buildConfigurationList = A62CBF9A21800DD30027A8A6 /* Build configuration list for PBXNativeTarget "CanvasUITests" */;
			buildPhases = (
				A62CBF8721800DD30027A8A6 /* Sources */,
				A62CBF8821800DD30027A8A6 /* Frameworks */,
				A62CBF8921800DD30027A8A6 /* Resources */,
			);
			buildRules = (
			);
			dependencies = (
				A62CBF8D21800DD30027A8A6 /* PBXTargetDependency */,
			);
			name = CanvasUITests;
			productName = CanvasUITests;
			productReference = A62CBF8B21800DD30027A8A6 /* CanvasUITests.xctest */;
			productType = "com.apple.product-type.bundle.ui-testing";
		};
/* End PBXNativeTarget section */

/* Begin PBXProject section */
		A62CBF6421800DD20027A8A6 /* Project object */ = {
			isa = PBXProject;
			attributes = {
				LastSwiftUpdateCheck = 1000;
				LastUpgradeCheck = 1000;
				ORGANIZATIONNAME = "Chris Martinez";
				TargetAttributes = {
					A62CBF6B21800DD20027A8A6 = {
						CreatedOnToolsVersion = 10.0;
					};
					A62CBF7F21800DD30027A8A6 = {
						CreatedOnToolsVersion = 10.0;
						TestTargetID = A62CBF6B21800DD20027A8A6;
					};
					A62CBF8A21800DD30027A8A6 = {
						CreatedOnToolsVersion = 10.0;
						TestTargetID = A62CBF6B21800DD20027A8A6;
					};
				};
			};
			buildConfigurationList = A62CBF6721800DD20027A8A6 /* Build configuration list for PBXProject "Canvas" */;
			compatibilityVersion = "Xcode 9.3";
			developmentRegion = en;
			hasScannedForEncodings = 0;
			knownRegions = (
				en,
				Base,
			);
			mainGroup = A62CBF6321800DD20027A8A6;
			productRefGroup = A62CBF6D21800DD20027A8A6 /* Products */;
			projectDirPath = "";
			projectRoot = "";
			targets = (
				A62CBF6B21800DD20027A8A6 /* Canvas */,
				A62CBF7F21800DD30027A8A6 /* CanvasTests */,
				A62CBF8A21800DD30027A8A6 /* CanvasUITests */,
			);
		};
/* End PBXProject section */

/* Begin PBXResourcesBuildPhase section */
		A62CBF6A21800DD20027A8A6 /* Resources */ = {
			isa = PBXResourcesBuildPhase;
			buildActionMask = 2147483647;
			files = (
				A62CBF7A21800DD30027A8A6 /* LaunchScreen.storyboard in Resources */,
				A62CBF7721800DD30027A8A6 /* Assets.xcassets in Resources */,
				A62CBF7521800DD20027A8A6 /* Main.storyboard in Resources */,
			);
			runOnlyForDeploymentPostprocessing = 0;
		};
		A62CBF7E21800DD30027A8A6 /* Resources */ = {
			isa = PBXResourcesBuildPhase;
			buildActionMask = 2147483647;
			files = (
			);
			runOnlyForDeploymentPostprocessing = 0;
		};
		A62CBF8921800DD30027A8A6 /* Resources */ = {
			isa = PBXResourcesBuildPhase;
			buildActionMask = 2147483647;
			files = (
			);
			runOnlyForDeploymentPostprocessing = 0;
		};
/* End PBXResourcesBuildPhase section */

/* Begin PBXSourcesBuildPhase section */
		A62CBF6821800DD20027A8A6 /* Sources */ = {
			isa = PBXSourcesBuildPhase;
			buildActionMask = 2147483647;
			files = (
				A62CBF9E21800DE20027A8A6 /* CanvasViewController.swift in Sources */,
				A62CBF7021800DD20027A8A6 /* AppDelegate.swift in Sources */,
			);
			runOnlyForDeploymentPostprocessing = 0;
		};
		A62CBF7C21800DD30027A8A6 /* Sources */ = {
			isa = PBXSourcesBuildPhase;
			buildActionMask = 2147483647;
			files = (
				A62CBF8521800DD30027A8A6 /* CanvasTests.swift in Sources */,
			);
			runOnlyForDeploymentPostprocessing = 0;
		};
		A62CBF8721800DD30027A8A6 /* Sources */ = {
			isa = PBXSourcesBuildPhase;
			buildActionMask = 2147483647;
			files = (
				A62CBF9021800DD30027A8A6 /* CanvasUITests.swift in Sources */,
			);
			runOnlyForDeploymentPostprocessing = 0;
		};
/* End PBXSourcesBuildPhase section */

/* Begin PBXTargetDependency section */
		A62CBF8221800DD30027A8A6 /* PBXTargetDependency */ = {
			isa = PBXTargetDependency;
			target = A62CBF6B21800DD20027A8A6 /* Canvas */;
			targetProxy = A62CBF8121800DD30027A8A6 /* PBXContainerItemProxy */;
		};
		A62CBF8D21800DD30027A8A6 /* PBXTargetDependency */ = {
			isa = PBXTargetDependency;
			target = A62CBF6B21800DD20027A8A6 /* Canvas */;
			targetProxy = A62CBF8C21800DD30027A8A6 /* PBXContainerItemProxy */;
		};
/* End PBXTargetDependency section */

/* Begin PBXVariantGroup section */
		A62CBF7321800DD20027A8A6 /* Main.storyboard */ = {
			isa = PBXVariantGroup;
			children = (
				A62CBF7421800DD20027A8A6 /* Base */,
			);
			name = Main.storyboard;
			sourceTree = "<group>";
		};
		A62CBF7821800DD30027A8A6 /* LaunchScreen.storyboard */ = {
			isa = PBXVariantGroup;
			children = (
				A62CBF7921800DD30027A8A6 /* Base */,
			);
			name = LaunchScreen.storyboard;
			sourceTree = "<group>";
		};
/* End PBXVariantGroup section */

/* Begin XCBuildConfiguration section */
		A62CBF9221800DD30027A8A6 /* Debug */ = {
			isa = XCBuildConfiguration;
			buildSettings = {
				ALWAYS_SEARCH_USER_PATHS = NO;
				CLANG_ANALYZER_NONNULL = YES;
				CLANG_ANALYZER_NUMBER_OBJECT_CONVERSION = YES_AGGRESSIVE;
				CLANG_CXX_LANGUAGE_STANDARD = "gnu++14";
				CLANG_CXX_LIBRARY = "libc++";
				CLANG_ENABLE_MODULES = YES;
				CLANG_ENABLE_OBJC_ARC = YES;
				CLANG_ENABLE_OBJC_WEAK = YES;
				CLANG_WARN_BLOCK_CAPTURE_AUTORELEASING = YES;
				CLANG_WARN_BOOL_CONVERSION = YES;
				CLANG_WARN_COMMA = YES;
				CLANG_WARN_CONSTANT_CONVERSION = YES;
				CLANG_WARN_DEPRECATED_OBJC_IMPLEMENTATIONS = YES;
				CLANG_WARN_DIRECT_OBJC_ISA_USAGE = YES_ERROR;
				CLANG_WARN_DOCUMENTATION_COMMENTS = YES;
				CLANG_WARN_EMPTY_BODY = YES;
				CLANG_WARN_ENUM_CONVERSION = YES;
				CLANG_WARN_INFINITE_RECURSION = YES;
				CLANG_WARN_INT_CONVERSION = YES;
				CLANG_WARN_NON_LITERAL_NULL_CONVERSION = YES;
				CLANG_WARN_OBJC_IMPLICIT_RETAIN_SELF = YES;
				CLANG_WARN_OBJC_LITERAL_CONVERSION = YES;
				CLANG_WARN_OBJC_ROOT_CLASS = YES_ERROR;
				CLANG_WARN_RANGE_LOOP_ANALYSIS = YES;
				CLANG_WARN_STRICT_PROTOTYPES = YES;
				CLANG_WARN_SUSPICIOUS_MOVE = YES;
				CLANG_WARN_UNGUARDED_AVAILABILITY = YES_AGGRESSIVE;
				CLANG_WARN_UNREACHABLE_CODE = YES;
				CLANG_WARN__DUPLICATE_METHOD_MATCH = YES;
				CODE_SIGN_IDENTITY = "iPhone Developer";
				COPY_PHASE_STRIP = NO;
				DEBUG_INFORMATION_FORMAT = dwarf;
				ENABLE_STRICT_OBJC_MSGSEND = YES;
				ENABLE_TESTABILITY = YES;
				GCC_C_LANGUAGE_STANDARD = gnu11;
				GCC_DYNAMIC_NO_PIC = NO;
				GCC_NO_COMMON_BLOCKS = YES;
				GCC_OPTIMIZATION_LEVEL = 0;
				GCC_PREPROCESSOR_DEFINITIONS = (
					"DEBUG=1",
					"$(inherited)",
				);
				GCC_WARN_64_TO_32_BIT_CONVERSION = YES;
				GCC_WARN_ABOUT_RETURN_TYPE = YES_ERROR;
				GCC_WARN_UNDECLARED_SELECTOR = YES;
				GCC_WARN_UNINITIALIZED_AUTOS = YES_AGGRESSIVE;
				GCC_WARN_UNUSED_FUNCTION = YES;
				GCC_WARN_UNUSED_VARIABLE = YES;
				IPHONEOS_DEPLOYMENT_TARGET = 12.0;
				MTL_ENABLE_DEBUG_INFO = INCLUDE_SOURCE;
				MTL_FAST_MATH = YES;
				ONLY_ACTIVE_ARCH = YES;
				SDKROOT = iphoneos;
				SWIFT_ACTIVE_COMPILATION_CONDITIONS = DEBUG;
				SWIFT_OPTIMIZATION_LEVEL = "-Onone";
			};
			name = Debug;
		};
		A62CBF9321800DD30027A8A6 /* Release */ = {
			isa = XCBuildConfiguration;
			buildSettings = {
				ALWAYS_SEARCH_USER_PATHS = NO;
				CLANG_ANALYZER_NONNULL = YES;
				CLANG_ANALYZER_NUMBER_OBJECT_CONVERSION = YES_AGGRESSIVE;
				CLANG_CXX_LANGUAGE_STANDARD = "gnu++14";
				CLANG_CXX_LIBRARY = "libc++";
				CLANG_ENABLE_MODULES = YES;
				CLANG_ENABLE_OBJC_ARC = YES;
				CLANG_ENABLE_OBJC_WEAK = YES;
				CLANG_WARN_BLOCK_CAPTURE_AUTORELEASING = YES;
				CLANG_WARN_BOOL_CONVERSION = YES;
				CLANG_WARN_COMMA = YES;
				CLANG_WARN_CONSTANT_CONVERSION = YES;
				CLANG_WARN_DEPRECATED_OBJC_IMPLEMENTATIONS = YES;
				CLANG_WARN_DIRECT_OBJC_ISA_USAGE = YES_ERROR;
				CLANG_WARN_DOCUMENTATION_COMMENTS = YES;
				CLANG_WARN_EMPTY_BODY = YES;
				CLANG_WARN_ENUM_CONVERSION = YES;
				CLANG_WARN_INFINITE_RECURSION = YES;
				CLANG_WARN_INT_CONVERSION = YES;
				CLANG_WARN_NON_LITERAL_NULL_CONVERSION = YES;
				CLANG_WARN_OBJC_IMPLICIT_RETAIN_SELF = YES;
				CLANG_WARN_OBJC_LITERAL_CONVERSION = YES;
				CLANG_WARN_OBJC_ROOT_CLASS = YES_ERROR;
				CLANG_WARN_RANGE_LOOP_ANALYSIS = YES;
				CLANG_WARN_STRICT_PROTOTYPES = YES;
				CLANG_WARN_SUSPICIOUS_MOVE = YES;
				CLANG_WARN_UNGUARDED_AVAILABILITY = YES_AGGRESSIVE;
				CLANG_WARN_UNREACHABLE_CODE = YES;
				CLANG_WARN__DUPLICATE_METHOD_MATCH = YES;
				CODE_SIGN_IDENTITY = "iPhone Developer";
				COPY_PHASE_STRIP = NO;
				DEBUG_INFORMATION_FORMAT = "dwarf-with-dsym";
				ENABLE_NS_ASSERTIONS = NO;
				ENABLE_STRICT_OBJC_MSGSEND = YES;
				GCC_C_LANGUAGE_STANDARD = gnu11;
				GCC_NO_COMMON_BLOCKS = YES;
				GCC_WARN_64_TO_32_BIT_CONVERSION = YES;
				GCC_WARN_ABOUT_RETURN_TYPE = YES_ERROR;
				GCC_WARN_UNDECLARED_SELECTOR = YES;
				GCC_WARN_UNINITIALIZED_AUTOS = YES_AGGRESSIVE;
				GCC_WARN_UNUSED_FUNCTION = YES;
				GCC_WARN_UNUSED_VARIABLE = YES;
				IPHONEOS_DEPLOYMENT_TARGET = 12.0;
				MTL_ENABLE_DEBUG_INFO = NO;
				MTL_FAST_MATH = YES;
				SDKROOT = iphoneos;
				SWIFT_COMPILATION_MODE = wholemodule;
				SWIFT_OPTIMIZATION_LEVEL = "-O";
				VALIDATE_PRODUCT = YES;
			};
			name = Release;
		};
		A62CBF9521800DD30027A8A6 /* Debug */ = {
			isa = XCBuildConfiguration;
			buildSettings = {
				ASSETCATALOG_COMPILER_APPICON_NAME = AppIcon;
				CODE_SIGN_STYLE = Automatic;
				INFOPLIST_FILE = Canvas/Info.plist;
				LD_RUNPATH_SEARCH_PATHS = (
					"$(inherited)",
					"@executable_path/Frameworks",
				);
				PRODUCT_BUNDLE_IDENTIFIER = com.csumb.Canvas;
				PRODUCT_NAME = "$(TARGET_NAME)";
				SWIFT_VERSION = 4.2;
				TARGETED_DEVICE_FAMILY = "1,2";
			};
			name = Debug;
		};
		A62CBF9621800DD30027A8A6 /* Release */ = {
			isa = XCBuildConfiguration;
			buildSettings = {
				ASSETCATALOG_COMPILER_APPICON_NAME = AppIcon;
				CODE_SIGN_STYLE = Automatic;
				INFOPLIST_FILE = Canvas/Info.plist;
				LD_RUNPATH_SEARCH_PATHS = (
					"$(inherited)",
					"@executable_path/Frameworks",
				);
				PRODUCT_BUNDLE_IDENTIFIER = com.csumb.Canvas;
				PRODUCT_NAME = "$(TARGET_NAME)";
				SWIFT_VERSION = 4.2;
				TARGETED_DEVICE_FAMILY = "1,2";
			};
			name = Release;
		};
		A62CBF9821800DD30027A8A6 /* Debug */ = {
			isa = XCBuildConfiguration;
			buildSettings = {
				ALWAYS_EMBED_SWIFT_STANDARD_LIBRARIES = YES;
				BUNDLE_LOADER = "$(TEST_HOST)";
				CODE_SIGN_STYLE = Automatic;
				INFOPLIST_FILE = CanvasTests/Info.plist;
				LD_RUNPATH_SEARCH_PATHS = (
					"$(inherited)",
					"@executable_path/Frameworks",
					"@loader_path/Frameworks",
				);
				PRODUCT_BUNDLE_IDENTIFIER = com.csumb.CanvasTests;
				PRODUCT_NAME = "$(TARGET_NAME)";
				SWIFT_VERSION = 4.2;
				TARGETED_DEVICE_FAMILY = "1,2";
				TEST_HOST = "$(BUILT_PRODUCTS_DIR)/Canvas.app/Canvas";
			};
			name = Debug;
		};
		A62CBF9921800DD30027A8A6 /* Release */ = {
			isa = XCBuildConfiguration;
			buildSettings = {
				ALWAYS_EMBED_SWIFT_STANDARD_LIBRARIES = YES;
				BUNDLE_LOADER = "$(TEST_HOST)";
				CODE_SIGN_STYLE = Automatic;
				INFOPLIST_FILE = CanvasTests/Info.plist;
				LD_RUNPATH_SEARCH_PATHS = (
					"$(inherited)",
					"@executable_path/Frameworks",
					"@loader_path/Frameworks",
				);
				PRODUCT_BUNDLE_IDENTIFIER = com.csumb.CanvasTests;
				PRODUCT_NAME = "$(TARGET_NAME)";
				SWIFT_VERSION = 4.2;
				TARGETED_DEVICE_FAMILY = "1,2";
				TEST_HOST = "$(BUILT_PRODUCTS_DIR)/Canvas.app/Canvas";
			};
			name = Release;
		};
		A62CBF9B21800DD30027A8A6 /* Debug */ = {
			isa = XCBuildConfiguration;
			buildSettings = {
				ALWAYS_EMBED_SWIFT_STANDARD_LIBRARIES = YES;
				CODE_SIGN_STYLE = Automatic;
				INFOPLIST_FILE = CanvasUITests/Info.plist;
				LD_RUNPATH_SEARCH_PATHS = (
					"$(inherited)",
					"@executable_path/Frameworks",
					"@loader_path/Frameworks",
				);
				PRODUCT_BUNDLE_IDENTIFIER = com.csumb.CanvasUITests;
				PRODUCT_NAME = "$(TARGET_NAME)";
				SWIFT_VERSION = 4.2;
				TARGETED_DEVICE_FAMILY = "1,2";
				TEST_TARGET_NAME = Canvas;
			};
			name = Debug;
		};
		A62CBF9C21800DD30027A8A6 /* Release */ = {
			isa = XCBuildConfiguration;
			buildSettings = {
				ALWAYS_EMBED_SWIFT_STANDARD_LIBRARIES = YES;
				CODE_SIGN_STYLE = Automatic;
				INFOPLIST_FILE = CanvasUITests/Info.plist;
				LD_RUNPATH_SEARCH_PATHS = (
					"$(inherited)",
					"@executable_path/Frameworks",
					"@loader_path/Frameworks",
				);
				PRODUCT_BUNDLE_IDENTIFIER = com.csumb.CanvasUITests;
				PRODUCT_NAME = "$(TARGET_NAME)";
				SWIFT_VERSION = 4.2;
				TARGETED_DEVICE_FAMILY = "1,2";
				TEST_TARGET_NAME = Canvas;
			};
			name = Release;
		};
/* End XCBuildConfiguration section */

/* Begin XCConfigurationList section */
		A62CBF6721800DD20027A8A6 /* Build configuration list for PBXProject "Canvas" */ = {
			isa = XCConfigurationList;
			buildConfigurations = (
				A62CBF9221800DD30027A8A6 /* Debug */,
				A62CBF9321800DD30027A8A6 /* Release */,
			);
			defaultConfigurationIsVisible = 0;
			defaultConfigurationName = Release;
		};
		A62CBF9421800DD30027A8A6 /* Build configuration list for PBXNativeTarget "Canvas" */ = {
			isa = XCConfigurationList;
			buildConfigurations = (
				A62CBF9521800DD30027A8A6 /* Debug */,
				A62CBF9621800DD30027A8A6 /* Release */,
			);
			defaultConfigurationIsVisible = 0;
			defaultConfigurationName = Release;
		};
		A62CBF9721800DD30027A8A6 /* Build configuration list for PBXNativeTarget "CanvasTests" */ = {
			isa = XCConfigurationList;
			buildConfigurations = (
				A62CBF9821800DD30027A8A6 /* Debug */,
				A62CBF9921800DD30027A8A6 /* Release */,
			);
			defaultConfigurationIsVisible = 0;
			defaultConfigurationName = Release;
		};
		A62CBF9A21800DD30027A8A6 /* Build configuration list for PBXNativeTarget "CanvasUITests" */ = {
			isa = XCConfigurationList;
			buildConfigurations = (
				A62CBF9B21800DD30027A8A6 /* Debug */,
				A62CBF9C21800DD30027A8A6 /* Release */,
			);
			defaultConfigurationIsVisible = 0;
			defaultConfigurationName = Release;
		};
/* End XCConfigurationList section */
	};
	rootObject = A62CBF6421800DD20027A8A6 /* Project object */;
}
